
Microsoft Visual Studio Solution File, Format Version 12.00
# Visual Studio 2012
Project("{FAE04EC0-301F-11D3-BF4B-00C04F79EFBC}") = "MemoGame", "MemoGame\MemoGame.csproj", "{AF95D22C-1861-42CA-8BA8-AA40205EC30E}"
EndProject
Global
	GlobalSection(TeamFoundationVersionControl) = preSolution
		SccNumberOfProjects = 2
		SccEnterpriseProvider = {4CA58AB2-18FA-4F8D-95D4-32DDF27D184C}
		SccTeamFoundationServer = https://syssboxx.visualstudio.com/defaultcollection
		SccLocalPath0 = .
		SccProjectUniqueName1 = MemoGame\\MemoGame.csproj
		SccProjectName1 = MemoGame
		SccLocalPath1 = MemoGame
	EndGlobalSection
	GlobalSection(SolutionConfigurationPlatforms) = preSolution
		Debug|Any CPU = Debug|Any CPU
		Release|Any CPU = Release|Any CPU
	EndGlobalSection
	GlobalSection(ProjectConfigurationPlatforms) = postSolution
		{AF95D22C-1861-42CA-8BA8-AA40205EC30E}.Debug|Any CPU.ActiveCfg = Debug|Any CPU
		{AF95D22C-1861-42CA-8BA8-AA40205EC30E}.Debug|Any CPU.Build.0 = Debug|Any CPU
		{AF95D22C-1861-42CA-8BA8-AA40205EC30E}.Release|Any CPU.ActiveCfg = Release|Any CPU
		{AF95D22C-1861-42CA-8BA8-AA40205EC30E}.Release|Any CPU.Build.0 = Release|Any CPU
	EndGlobalSection
	GlobalSection(SolutionProperties) = preSolution
		HideSolutionNode = FALSE
	EndGlobalSection
EndGlobal
